
Microsoft Visual Studio Solution File, Format Version 12.00
# Visual Studio 2012
Project("{FAE04EC0-301F-11D3-BF4B-00C04F79EFBC}") = "ThinkUp.Sdk", "ThinkUp.Sdk\ThinkUp.Sdk.csproj", "{A8EFC845-1304-4A40-A72D-7E25DB575D2D}"
EndProject
Project("{FAE04EC0-301F-11D3-BF4B-00C04F79EFBC}") = "ThinkUp.Sdk.Tests", "ThinkUp.Sdk.Tests\ThinkUp.Sdk.Tests.csproj", "{C2514C88-D966-4509-A890-623433541BA4}"
EndProject
Project("{FAE04EC0-301F-11D3-BF4B-00C04F79EFBC}") = "ThinkUp.SignalR", "ThinkUp.SignalR\ThinkUp.SignalR.csproj", "{91E13FC8-129B-44F7-B742-2989D9596C08}"
EndProject
Global
	GlobalSection(SolutionConfigurationPlatforms) = preSolution
		Debug|Any CPU = Debug|Any CPU
		Release|Any CPU = Release|Any CPU
	EndGlobalSection
	GlobalSection(ProjectConfigurationPlatforms) = postSolution
		{A8EFC845-1304-4A40-A72D-7E25DB575D2D}.Debug|Any CPU.ActiveCfg = Debug|Any CPU
		{A8EFC845-1304-4A40-A72D-7E25DB575D2D}.Debug|Any CPU.Build.0 = Debug|Any CPU
		{A8EFC845-1304-4A40-A72D-7E25DB575D2D}.Release|Any CPU.ActiveCfg = Release|Any CPU
		{A8EFC845-1304-4A40-A72D-7E25DB575D2D}.Release|Any CPU.Build.0 = Release|Any CPU
		{C2514C88-D966-4509-A890-623433541BA4}.Debug|Any CPU.ActiveCfg = Debug|Any CPU
		{C2514C88-D966-4509-A890-623433541BA4}.Debug|Any CPU.Build.0 = Debug|Any CPU
		{C2514C88-D966-4509-A890-623433541BA4}.Release|Any CPU.ActiveCfg = Release|Any CPU
		{C2514C88-D966-4509-A890-623433541BA4}.Release|Any CPU.Build.0 = Release|Any CPU
		{91E13FC8-129B-44F7-B742-2989D9596C08}.Debug|Any CPU.ActiveCfg = Debug|Any CPU
		{91E13FC8-129B-44F7-B742-2989D9596C08}.Debug|Any CPU.Build.0 = Debug|Any CPU
		{91E13FC8-129B-44F7-B742-2989D9596C08}.Release|Any CPU.ActiveCfg = Release|Any CPU
		{91E13FC8-129B-44F7-B742-2989D9596C08}.Release|Any CPU.Build.0 = Release|Any CPU
	EndGlobalSection
	GlobalSection(SolutionProperties) = preSolution
		HideSolutionNode = FALSE
	EndGlobalSection
EndGlobal
